
Microsoft Visual Studio Solution File, Format Version 12.00
# Visual Studio Version 17
VisualStudioVersion = 17.3.32825.248
MinimumVisualStudioVersion = 10.0.40219.1
Project("{FAE04EC0-301F-11D3-BF4B-00C04F79EFBC}") = "ClassesExercise1", "ClassesExercise1\ClassesExercise1.csproj", "{FF2104D2-7F29-4403-A6A7-958CB8BAFF4D}"
EndProject
Global
	GlobalSection(SolutionConfigurationPlatforms) = preSolution
		Debug|Any CPU = Debug|Any CPU
		Release|Any CPU = Release|Any CPU
	EndGlobalSection
	GlobalSection(ProjectConfigurationPlatforms) = postSolution
		{FF2104D2-7F29-4403-A6A7-958CB8BAFF4D}.Debug|Any CPU.ActiveCfg = Debug|Any CPU
		{FF2104D2-7F29-4403-A6A7-958CB8BAFF4D}.Debug|Any CPU.Build.0 = Debug|Any CPU
		{FF2104D2-7F29-4403-A6A7-958CB8BAFF4D}.Release|Any CPU.ActiveCfg = Release|Any CPU
		{FF2104D2-7F29-4403-A6A7-958CB8BAFF4D}.Release|Any CPU.Build.0 = Release|Any CPU
	EndGlobalSection
	GlobalSection(SolutionProperties) = preSolution
		HideSolutionNode = FALSE
	EndGlobalSection
	GlobalSection(ExtensibilityGlobals) = postSolution
		SolutionGuid = {AC77D74F-1EED-4EDB-B49C-35C922BDBEEB}
	EndGlobalSection
EndGlobal
